// !$*UTF8*$!
{
	archiveVersion = 1;
	classes = {
	};
	objectVersion = 50;
	objects = {

/* Begin PBXBuildFile section */
		3A8CBA332216B38200E9E7BE /* AppDelegate.m in Sources */ = {isa = PBXBuildFile; fileRef = 3A8CBA322216B38200E9E7BE /* AppDelegate.m */; };
		3A8CBA362216B38200E9E7BE /* ViewController.m in Sources */ = {isa = PBXBuildFile; fileRef = 3A8CBA352216B38200E9E7BE /* ViewController.m */; };
		3A8CBA392216B38200E9E7BE /* Main.storyboard in Resources */ = {isa = PBXBuildFile; fileRef = 3A8CBA372216B38200E9E7BE /* Main.storyboard */; };
		3A8CBA3B2216B38200E9E7BE /* Assets.xcassets in Resources */ = {isa = PBXBuildFile; fileRef = 3A8CBA3A2216B38200E9E7BE /* Assets.xcassets */; };
		3A8CBA3E2216B38200E9E7BE /* LaunchScreen.storyboard in Resources */ = {isa = PBXBuildFile; fileRef = 3A8CBA3C2216B38200E9E7BE /* LaunchScreen.storyboard */; };
		3A8CBA412216B38200E9E7BE /* main.m in Sources */ = {isa = PBXBuildFile; fileRef = 3A8CBA402216B38200E9E7BE /* main.m */; };
		3A8CBA482216B38E00E9E7BE /* CameraKit.framework in Frameworks */ = {isa = PBXBuildFile; fileRef = 3A8CBA472216B38E00E9E7BE /* CameraKit.framework */; };
		3A8CBA492216B38E00E9E7BE /* CameraKit.framework in Embed Frameworks */ = {isa = PBXBuildFile; fileRef = 3A8CBA472216B38E00E9E7BE /* CameraKit.framework */; settings = {ATTRIBUTES = (CodeSignOnCopy, RemoveHeadersOnCopy, ); }; };
/* End PBXBuildFile section */

/* Begin PBXCopyFilesBuildPhase section */
		3A8CBA4A2216B38F00E9E7BE /* Embed Frameworks */ = {
			isa = PBXCopyFilesBuildPhase;
			buildActionMask = 2147483647;
			dstPath = "";
			dstSubfolderSpec = 10;
			files = (
				3A8CBA492216B38E00E9E7BE /* CameraKit.framework in Embed Frameworks */,
			);
			name = "Embed Frameworks";
			runOnlyForDeploymentPostprocessing = 0;
		};
/* End PBXCopyFilesBuildPhase section */

/* Begin PBXFileReference section */
		3A8CBA2E2216B38200E9E7BE /* CameraKitDemo-Objc.app */ = {isa = PBXFileReference; explicitFileType = wrapper.application; includeInIndex = 0; path = "CameraKitDemo-Objc.app"; sourceTree = BUILT_PRODUCTS_DIR; };
		3A8CBA312216B38200E9E7BE /* AppDelegate.h */ = {isa = PBXFileReference; lastKnownFileType = sourcecode.c.h; path = AppDelegate.h; sourceTree = "<group>"; };
		3A8CBA322216B38200E9E7BE /* AppDelegate.m */ = {isa = PBXFileReference; lastKnownFileType = sourcecode.c.objc; path = AppDelegate.m; sourceTree = "<group>"; };
		3A8CBA342216B38200E9E7BE /* ViewController.h */ = {isa = PBXFileReference; lastKnownFileType = sourcecode.c.h; path = ViewController.h; sourceTree = "<group>"; };
		3A8CBA352216B38200E9E7BE /* ViewController.m */ = {isa = PBXFileReference; lastKnownFileType = sourcecode.c.objc; path = ViewController.m; sourceTree = "<group>"; };
		3A8CBA382216B38200E9E7BE /* Base */ = {isa = PBXFileReference; lastKnownFileType = file.storyboard; name = Base; path = Base.lproj/Main.storyboard; sourceTree = "<group>"; };
		3A8CBA3A2216B38200E9E7BE /* Assets.xcassets */ = {isa = PBXFileReference; lastKnownFileType = folder.assetcatalog; path = Assets.xcassets; sourceTree = "<group>"; };
		3A8CBA3D2216B38200E9E7BE /* Base */ = {isa = PBXFileReference; lastKnownFileType = file.storyboard; name = Base; path = Base.lproj/LaunchScreen.storyboard; sourceTree = "<group>"; };
		3A8CBA3F2216B38200E9E7BE /* Info.plist */ = {isa = PBXFileReference; lastKnownFileType = text.plist.xml; path = Info.plist; sourceTree = "<group>"; };
		3A8CBA402216B38200E9E7BE /* main.m */ = {isa = PBXFileReference; lastKnownFileType = sourcecode.c.objc; path = main.m; sourceTree = "<group>"; };
		3A8CBA472216B38E00E9E7BE /* CameraKit.framework */ = {isa = PBXFileReference; explicitFileType = wrapper.framework; path = CameraKit.framework; sourceTree = BUILT_PRODUCTS_DIR; };
		3AE3B60E2216B89F0065F279 /* AVFoundation.framework */ = {isa = PBXFileReference; lastKnownFileType = wrapper.framework; name = AVFoundation.framework; path = System/Library/Frameworks/AVFoundation.framework; sourceTree = SDKROOT; };
/* End PBXFileReference section */

/* Begin PBXFrameworksBuildPhase section */
		3A8CBA2B2216B38200E9E7BE /* Frameworks */ = {
			isa = PBXFrameworksBuildPhase;
			buildActionMask = 2147483647;
			files = (
				3A8CBA482216B38E00E9E7BE /* CameraKit.framework in Frameworks */,
			);
			runOnlyForDeploymentPostprocessing = 0;
		};
/* End PBXFrameworksBuildPhase section */

/* Begin PBXGroup section */
		3A8CBA252216B38200E9E7BE = {
			isa = PBXGroup;
			children = (
				3A8CBA472216B38E00E9E7BE /* CameraKit.framework */,
				3A8CBA302216B38200E9E7BE /* CameraKitDemo-Objc */,
				3A8CBA2F2216B38200E9E7BE /* Products */,
				3AE3B60D2216B89F0065F279 /* Frameworks */,
			);
			sourceTree = "<group>";
		};
		3A8CBA2F2216B38200E9E7BE /* Products */ = {
			isa = PBXGroup;
			children = (
				3A8CBA2E2216B38200E9E7BE /* CameraKitDemo-Objc.app */,
			);
			name = Products;
			sourceTree = "<group>";
		};
		3A8CBA302216B38200E9E7BE /* CameraKitDemo-Objc */ = {
			isa = PBXGroup;
			children = (
				3A8CBA312216B38200E9E7BE /* AppDelegate.h */,
				3A8CBA322216B38200E9E7BE /* AppDelegate.m */,
				3A8CBA342216B38200E9E7BE /* ViewController.h */,
				3A8CBA352216B38200E9E7BE /* ViewController.m */,
				3A8CBA372216B38200E9E7BE /* Main.storyboard */,
				3A8CBA3A2216B38200E9E7BE /* Assets.xcassets */,
				3A8CBA3C2216B38200E9E7BE /* LaunchScreen.storyboard */,
				3A8CBA3F2216B38200E9E7BE /* Info.plist */,
				3A8CBA402216B38200E9E7BE /* main.m */,
			);
			path = "CameraKitDemo-Objc";
			sourceTree = "<group>";
		};
		3AE3B60D2216B89F0065F279 /* Frameworks */ = {
			isa = PBXGroup;
			children = (
				3AE3B60E2216B89F0065F279 /* AVFoundation.framework */,
			);
			name = Frameworks;
			sourceTree = "<group>";
		};
/* End PBXGroup section */

/* Begin PBXNativeTarget section */
		3A8CBA2D2216B38200E9E7BE /* CameraKitDemo-Objc */ = {
			isa = PBXNativeTarget;
			buildConfigurationList = 3A8CBA442216B38200E9E7BE /* Build configuration list for PBXNativeTarget "CameraKitDemo-Objc" */;
			buildPhases = (
				3A8CBA2A2216B38200E9E7BE /* Sources */,
				3A8CBA2B2216B38200E9E7BE /* Frameworks */,
				3A8CBA2C2216B38200E9E7BE /* Resources */,
				3A8CBA4A2216B38F00E9E7BE /* Embed Frameworks */,
			);
			buildRules = (
			);
			dependencies = (
			);
			name = "CameraKitDemo-Objc";
			productName = "CameraKitDemo-Objc";
			productReference = 3A8CBA2E2216B38200E9E7BE /* CameraKitDemo-Objc.app */;
			productType = "com.apple.product-type.application";
		};
/* End PBXNativeTarget section */

/* Begin PBXProject section */
		3A8CBA262216B38200E9E7BE /* Project object */ = {
			isa = PBXProject;
			attributes = {
				LastUpgradeCheck = 1010;
				ORGANIZATIONNAME = Wonderkiln;
				TargetAttributes = {
					3A8CBA2D2216B38200E9E7BE = {
						CreatedOnToolsVersion = 10.1;
					};
				};
			};
			buildConfigurationList = 3A8CBA292216B38200E9E7BE /* Build configuration list for PBXProject "CameraKitDemo-Objc" */;
			compatibilityVersion = "Xcode 9.3";
			developmentRegion = en;
			hasScannedForEncodings = 0;
			knownRegions = (
				en,
				Base,
			);
			mainGroup = 3A8CBA252216B38200E9E7BE;
			productRefGroup = 3A8CBA2F2216B38200E9E7BE /* Products */;
			projectDirPath = "";
			projectRoot = "";
			targets = (
				3A8CBA2D2216B38200E9E7BE /* CameraKitDemo-Objc */,
			);
		};
/* End PBXProject section */

/* Begin PBXResourcesBuildPhase section */
		3A8CBA2C2216B38200E9E7BE /* Resources */ = {
			isa = PBXResourcesBuildPhase;
			buildActionMask = 2147483647;
			files = (
				3A8CBA3E2216B38200E9E7BE /* LaunchScreen.storyboard in Resources */,
				3A8CBA3B2216B38200E9E7BE /* Assets.xcassets in Resources */,
				3A8CBA392216B38200E9E7BE /* Main.storyboard in Resources */,
			);
			runOnlyForDeploymentPostprocessing = 0;
		};
/* End PBXResourcesBuildPhase section */

/* Begin PBXSourcesBuildPhase section */
		3A8CBA2A2216B38200E9E7BE /* Sources */ = {
			isa = PBXSourcesBuildPhase;
			buildActionMask = 2147483647;
			files = (
				3A8CBA362216B38200E9E7BE /* ViewController.m in Sources */,
				3A8CBA412216B38200E9E7BE /* main.m in Sources */,
				3A8CBA332216B38200E9E7BE /* AppDelegate.m in Sources */,
			);
			runOnlyForDeploymentPostprocessing = 0;
		};
/* End PBXSourcesBuildPhase section */

/* Begin PBXVariantGroup section */
		3A8CBA372216B38200E9E7BE /* Main.storyboard */ = {
			isa = PBXVariantGroup;
			children = (
				3A8CBA382216B38200E9E7BE /* Base */,
			);
			name = Main.storyboard;
			sourceTree = "<group>";
		};
		3A8CBA3C2216B38200E9E7BE /* LaunchScreen.storyboard */ = {
			isa = PBXVariantGroup;
			children = (
				3A8CBA3D2216B38200E9E7BE /* Base */,
			);
			name = LaunchScreen.storyboard;
			sourceTree = "<group>";
		};
/* End PBXVariantGroup section */

/* Begin XCBuildConfiguration section */
		3A8CBA422216B38200E9E7BE /* Debug */ = {
			isa = XCBuildConfiguration;
			buildSettings = {
				ALWAYS_SEARCH_USER_PATHS = NO;
				CLANG_ANALYZER_NONNULL = YES;
				CLANG_ANALYZER_NUMBER_OBJECT_CONVERSION = YES_AGGRESSIVE;
				CLANG_CXX_LANGUAGE_STANDARD = "gnu++14";
				CLANG_CXX_LIBRARY = "libc++";
				CLANG_ENABLE_MODULES = YES;
				CLANG_ENABLE_OBJC_ARC = YES;
				CLANG_ENABLE_OBJC_WEAK = YES;
				CLANG_WARN_BLOCK_CAPTURE_AUTORELEASING = YES;
				CLANG_WARN_BOOL_CONVERSION = YES;
				CLANG_WARN_COMMA = YES;
				CLANG_WARN_CONSTANT_CONVERSION = YES;
				CLANG_WARN_DEPRECATED_OBJC_IMPLEMENTATIONS = YES;
				CLANG_WARN_DIRECT_OBJC_ISA_USAGE = YES_ERROR;
				CLANG_WARN_DOCUMENTATION_COMMENTS = YES;
				CLANG_WARN_EMPTY_BODY = YES;
				CLANG_WARN_ENUM_CONVERSION = YES;
				CLANG_WARN_INFINITE_RECURSION = YES;
				CLANG_WARN_INT_CONVERSION = YES;
				CLANG_WARN_NON_LITERAL_NULL_CONVERSION = YES;
				CLANG_WARN_OBJC_IMPLICIT_RETAIN_SELF = YES;
				CLANG_WARN_OBJC_LITERAL_CONVERSION = YES;
				CLANG_WARN_OBJC_ROOT_CLASS = YES_ERROR;
				CLANG_WARN_RANGE_LOOP_ANALYSIS = YES;
				CLANG_WARN_STRICT_PROTOTYPES = YES;
				CLANG_WARN_SUSPICIOUS_MOVE = YES;
				CLANG_WARN_UNGUARDED_AVAILABILITY = YES_AGGRESSIVE;
				CLANG_WARN_UNREACHABLE_CODE = YES;
				CLANG_WARN__DUPLICATE_METHOD_MATCH = YES;
				CODE_SIGN_IDENTITY = "iPhone Developer";
				COPY_PHASE_STRIP = NO;
				DEBUG_INFORMATION_FORMAT = dwarf;
				ENABLE_STRICT_OBJC_MSGSEND = YES;
				ENABLE_TESTABILITY = YES;
				GCC_C_LANGUAGE_STANDARD = gnu11;
				GCC_DYNAMIC_NO_PIC = NO;
				GCC_NO_COMMON_BLOCKS = YES;
				GCC_OPTIMIZATION_LEVEL = 0;
				GCC_PREPROCESSOR_DEFINITIONS = (
					"DEBUG=1",
					"$(inherited)",
				);
				GCC_WARN_64_TO_32_BIT_CONVERSION = YES;
				GCC_WARN_ABOUT_RETURN_TYPE = YES_ERROR;
				GCC_WARN_UNDECLARED_SELECTOR = YES;
				GCC_WARN_UNINITIALIZED_AUTOS = YES_AGGRESSIVE;
				GCC_WARN_UNUSED_FUNCTION = YES;
				GCC_WARN_UNUSED_VARIABLE = YES;
				IPHONEOS_DEPLOYMENT_TARGET = 12.1;
				MTL_ENABLE_DEBUG_INFO = INCLUDE_SOURCE;
				MTL_FAST_MATH = YES;
				ONLY_ACTIVE_ARCH = YES;
				SDKROOT = iphoneos;
			};
			name = Debug;
		};
		3A8CBA432216B38200E9E7BE /* Release */ = {
			isa = XCBuildConfiguration;
			buildSettings = {
				ALWAYS_SEARCH_USER_PATHS = NO;
				CLANG_ANALYZER_NONNULL = YES;
				CLANG_ANALYZER_NUMBER_OBJECT_CONVERSION = YES_AGGRESSIVE;
				CLANG_CXX_LANGUAGE_STANDARD = "gnu++14";
				CLANG_CXX_LIBRARY = "libc++";
				CLANG_ENABLE_MODULES = YES;
				CLANG_ENABLE_OBJC_ARC = YES;
				CLANG_ENABLE_OBJC_WEAK = YES;
				CLANG_WARN_BLOCK_CAPTURE_AUTORELEASING = YES;
				CLANG_WARN_BOOL_CONVERSION = YES;
				CLANG_WARN_COMMA = YES;
				CLANG_WARN_CONSTANT_CONVERSION = YES;
				CLANG_WARN_DEPRECATED_OBJC_IMPLEMENTATIONS = YES;
				CLANG_WARN_DIRECT_OBJC_ISA_USAGE = YES_ERROR;
				CLANG_WARN_DOCUMENTATION_COMMENTS = YES;
				CLANG_WARN_EMPTY_BODY = YES;
				CLANG_WARN_ENUM_CONVERSION = YES;
				CLANG_WARN_INFINITE_RECURSION = YES;
				CLANG_WARN_INT_CONVERSION = YES;
				CLANG_WARN_NON_LITERAL_NULL_CONVERSION = YES;
				CLANG_WARN_OBJC_IMPLICIT_RETAIN_SELF = YES;
				CLANG_WARN_OBJC_LITERAL_CONVERSION = YES;
				CLANG_WARN_OBJC_ROOT_CLASS = YES_ERROR;
				CLANG_WARN_RANGE_LOOP_ANALYSIS = YES;
				CLANG_WARN_STRICT_PROTOTYPES = YES;
				CLANG_WARN_SUSPICIOUS_MOVE = YES;
				CLANG_WARN_UNGUARDED_AVAILABILITY = YES_AGGRESSIVE;
				CLANG_WARN_UNREACHABLE_CODE = YES;
				CLANG_WARN__DUPLICATE_METHOD_MATCH = YES;
				CODE_SIGN_IDENTITY = "iPhone Developer";
				COPY_PHASE_STRIP = NO;
				DEBUG_INFORMATION_FORMAT = "dwarf-with-dsym";
				ENABLE_NS_ASSERTIONS = NO;
				ENABLE_STRICT_OBJC_MSGSEND = YES;
				GCC_C_LANGUAGE_STANDARD = gnu11;
				GCC_NO_COMMON_BLOCKS = YES;
				GCC_WARN_64_TO_32_BIT_CONVERSION = YES;
				GCC_WARN_ABOUT_RETURN_TYPE = YES_ERROR;
				GCC_WARN_UNDECLARED_SELECTOR = YES;
				GCC_WARN_UNINITIALIZED_AUTOS = YES_AGGRESSIVE;
				GCC_WARN_UNUSED_FUNCTION = YES;
				GCC_WARN_UNUSED_VARIABLE = YES;
				IPHONEOS_DEPLOYMENT_TARGET = 12.1;
				MTL_ENABLE_DEBUG_INFO = NO;
				MTL_FAST_MATH = YES;
				SDKROOT = iphoneos;
				VALIDATE_PRODUCT = YES;
			};
			name = Release;
		};
		3A8CBA452216B38200E9E7BE /* Debug */ = {
			isa = XCBuildConfiguration;
			buildSettings = {
				ALWAYS_EMBED_SWIFT_STANDARD_LIBRARIES = YES;
				ASSETCATALOG_COMPILER_APPICON_NAME = AppIcon;
				CODE_SIGN_STYLE = Automatic;
				DEVELOPMENT_TEAM = C2YGFPPZP6;
				INFOPLIST_FILE = "CameraKitDemo-Objc/Info.plist";
				LD_RUNPATH_SEARCH_PATHS = (
					"$(inherited)",
					"@executable_path/Frameworks",
				);
				PRODUCT_BUNDLE_IDENTIFIER = "com.wonderkiln.CameraKitDemo-Objc";
				PRODUCT_NAME = "$(TARGET_NAME)";
				TARGETED_DEVICE_FAMILY = "1,2";
			};
			name = Debug;
		};
		3A8CBA462216B38200E9E7BE /* Release */ = {
			isa = XCBuildConfiguration;
			buildSettings = {
				ALWAYS_EMBED_SWIFT_STANDARD_LIBRARIES = YES;
				ASSETCATALOG_COMPILER_APPICON_NAME = AppIcon;
				CODE_SIGN_STYLE = Automatic;
				DEVELOPMENT_TEAM = C2YGFPPZP6;
				INFOPLIST_FILE = "CameraKitDemo-Objc/Info.plist";
				LD_RUNPATH_SEARCH_PATHS = (
					"$(inherited)",
					"@executable_path/Frameworks",
				);
				PRODUCT_BUNDLE_IDENTIFIER = "com.wonderkiln.CameraKitDemo-Objc";
				PRODUCT_NAME = "$(TARGET_NAME)";
				TARGETED_DEVICE_FAMILY = "1,2";
			};
			name = Release;
		};
/* End XCBuildConfiguration section */

/* Begin XCConfigurationList section */
		3A8CBA292216B38200E9E7BE /* Build configuration list for PBXProject "CameraKitDemo-Objc" */ = {
			isa = XCConfigurationList;
			buildConfigurations = (
				3A8CBA422216B38200E9E7BE /* Debug */,
				3A8CBA432216B38200E9E7BE /* Release */,
			);
			defaultConfigurationIsVisible = 0;
			defaultConfigurationName = Release;
		};
		3A8CBA442216B38200E9E7BE /* Build configuration list for PBXNativeTarget "CameraKitDemo-Objc" */ = {
			isa = XCConfigurationList;
			buildConfigurations = (
				3A8CBA452216B38200E9E7BE /* Debug */,
				3A8CBA462216B38200E9E7BE /* Release */,
			);
			defaultConfigurationIsVisible = 0;
			defaultConfigurationName = Release;
		};
/* End XCConfigurationList section */
	};
	rootObject = 3A8CBA262216B38200E9E7BE /* Project object */;
}
